{
  "version": 4,
  "terraform_version": "0.15.4",
  "serial": 21,
  "lineage": "ea1228b2-ddff-a918-869b-2b02f586f4e1",
  "outputs": {},
  "resources": [
    {
      "module": "module.compute",
      "mode": "managed",
      "type": "azurerm_lb",
      "name": "load-balancer",
      "provider": "provider[\"registry.terraform.io/hashicorp/azurerm\"]",
      "instances": [
        {
          "schema_version": 0,
          "attributes": {
            "frontend_ip_configuration": [
              {
                "availability_zone": "No-Zone",
                "id": "/subscriptions/XXX/resourceGroups/test-deploy/providers/Microsoft.Network/loadBalancers/vmss-lb/frontendIPConfigurations/PublicIPAddress",
                "inbound_nat_rules": [],
                "load_balancer_rules": [],
                "name": "PublicIPAddress",
                "outbound_rules": [],
                "private_ip_address": "",
                "private_ip_address_allocation": "Dynamic",
                "private_ip_address_version": "",
                "public_ip_address_id": "/subscriptions/XXX/resourceGroups/test-deploy/providers/Microsoft.Network/publicIPAddresses/vmss-public-ip",
                "public_ip_prefix_id": "",
                "subnet_id": "",
                "zones": []
              }
            ],
            "id": "/subscriptions/XXX/resourceGroups/test-deploy/providers/Microsoft.Network/loadBalancers/vmss-lb",
            "location": "westeurope",
            "name": "vmss-lb",
            "private_ip_address": "",
            "private_ip_addresses": [],
            "resource_group_name": "test-deploy",
            "sku": "Basic",
            "tags": null,
            "timeouts": null
          },
          "sensitive_attributes": [],
          "private": "eyJlMmJmYjczMC1lY2FhLTExZTYtOGY4OC0zNDM2M2JjN2M0YzAiOnsiY3JlYXRlIjoxODAwMDAwMDAwMDAwLCJkZWxldGUiOjE4MDAwMDAwMDAwMDAsInJlYWQiOjMwMDAwMDAwMDAwMCwidXBkYXRlIjoxODAwMDAwMDAwMDAwfX0=",
          "dependencies": [
            "module.compute.azurerm_public_ip.vm-scaleset-ip",
            "module.resourcegroup.azurerm_resource_group.test-rg"
          ]
        }
      ]
    },
    {
      "module": "module.compute",
      "mode": "managed",
      "type": "azurerm_lb_backend_address_pool",
      "name": "bpepool",
      "provider": "provider[\"registry.terraform.io/hashicorp/azurerm\"]",
      "instances": [
        {
          "schema_version": 0,
          "attributes": {
            "backend_address": [],
            "backend_ip_configurations": [],
            "id": "/subscriptions/XXX/resourceGroups/test-deploy/providers/Microsoft.Network/loadBalancers/vmss-lb/backendAddressPools/BackEndAddressPool",
            "load_balancing_rules": [],
            "loadbalancer_id": "/subscriptions/XXX/resourceGroups/test-deploy/providers/Microsoft.Network/loadBalancers/vmss-lb",
            "name": "BackEndAddressPool",
            "outbound_rules": [],
            "resource_group_name": "test-deploy",
            "timeouts": null
          },
          "sensitive_attributes": [],
          "private": "eyJlMmJmYjczMC1lY2FhLTExZTYtOGY4OC0zNDM2M2JjN2M0YzAiOnsiY3JlYXRlIjoxODAwMDAwMDAwMDAwLCJkZWxldGUiOjE4MDAwMDAwMDAwMDAsInJlYWQiOjMwMDAwMDAwMDAwMCwidXBkYXRlIjoxODAwMDAwMDAwMDAwfX0=",
          "dependencies": [
            "module.compute.azurerm_lb.load-balancer",
            "module.compute.azurerm_public_ip.vm-scaleset-ip",
            "module.resourcegroup.azurerm_resource_group.test-rg"
          ]
        }
      ]
    },
    {
      "module": "module.compute",
      "mode": "managed",
      "type": "azurerm_lb_probe",
      "name": "lbprobe",
      "provider": "provider[\"registry.terraform.io/hashicorp/azurerm\"]",
      "instances": [
        {
          "schema_version": 0,
          "attributes": {
            "id": "/subscriptions/XXX/resourceGroups/test-deploy/providers/Microsoft.Network/loadBalancers/vmss-lb/probes/ssh-running-probe",
            "interval_in_seconds": 15,
            "load_balancer_rules": [],
            "loadbalancer_id": "/subscriptions/XXX/resourceGroups/test-deploy/providers/Microsoft.Network/loadBalancers/vmss-lb",
            "name": "ssh-running-probe",
            "number_of_probes": 2,
            "port": 3310,
            "protocol": "Tcp",
            "request_path": "",
            "resource_group_name": "test-deploy",
            "timeouts": null
          },
          "sensitive_attributes": [],
          "private": "eyJlMmJmYjczMC1lY2FhLTExZTYtOGY4OC0zNDM2M2JjN2M0YzAiOnsiY3JlYXRlIjoxODAwMDAwMDAwMDAwLCJkZWxldGUiOjE4MDAwMDAwMDAwMDAsInJlYWQiOjMwMDAwMDAwMDAwMCwidXBkYXRlIjoxODAwMDAwMDAwMDAwfX0=",
          "dependencies": [
            "module.compute.azurerm_lb.load-balancer",
            "module.compute.azurerm_public_ip.vm-scaleset-ip",
            "module.resourcegroup.azurerm_resource_group.test-rg"
          ]
        }
      ]
    },
    {
      "module": "module.compute",
      "mode": "managed",
      "type": "azurerm_lb_rule",
      "name": "lbnatrule",
      "provider": "provider[\"registry.terraform.io/hashicorp/azurerm\"]",
      "instances": [
        {
          "schema_version": 0,
          "attributes": {
            "backend_address_pool_id": "/subscriptions/XXX/resourceGroups/test-deploy/providers/Microsoft.Network/loadBalancers/vmss-lb/backendAddressPools/BackEndAddressPool",
            "backend_port": 3310,
            "disable_outbound_snat": false,
            "enable_floating_ip": false,
            "enable_tcp_reset": false,
            "frontend_ip_configuration_id": "/subscriptions/XXX/resourceGroups/test-deploy/providers/Microsoft.Network/loadBalancers/vmss-lb/frontendIPConfigurations/PublicIPAddress",
            "frontend_ip_configuration_name": "PublicIPAddress",
            "frontend_port": 3310,
            "id": "/subscriptions/XXX/resourceGroups/test-deploy/providers/Microsoft.Network/loadBalancers/vmss-lb/loadBalancingRules/http",
            "idle_timeout_in_minutes": 4,
            "load_distribution": "Default",
            "loadbalancer_id": "/subscriptions/XXX/resourceGroups/test-deploy/providers/Microsoft.Network/loadBalancers/vmss-lb",
            "name": "http",
            "probe_id": "/subscriptions/XXX/resourceGroups/test-deploy/providers/Microsoft.Network/loadBalancers/vmss-lb/probes/ssh-running-probe",
            "protocol": "Tcp",
            "resource_group_name": "test-deploy",
            "timeouts": null
          },
          "sensitive_attributes": [],
          "private": "eyJlMmJmYjczMC1lY2FhLTExZTYtOGY4OC0zNDM2M2JjN2M0YzAiOnsiY3JlYXRlIjoxODAwMDAwMDAwMDAwLCJkZWxldGUiOjE4MDAwMDAwMDAwMDAsInJlYWQiOjMwMDAwMDAwMDAwMCwidXBkYXRlIjoxODAwMDAwMDAwMDAwfX0=",
          "dependencies": [
            "module.compute.azurerm_lb.load-balancer",
            "module.compute.azurerm_lb_backend_address_pool.bpepool",
            "module.compute.azurerm_lb_probe.lbprobe",
            "module.compute.azurerm_public_ip.vm-scaleset-ip",
            "module.resourcegroup.azurerm_resource_group.test-rg"
          ]
        }
      ]
    },
    {
      "module": "module.compute",
      "mode": "managed",
      "type": "azurerm_public_ip",
      "name": "vm-scaleset-ip",
      "provider": "provider[\"registry.terraform.io/hashicorp/azurerm\"]",
      "instances": [
        {
          "schema_version": 0,
          "attributes": {
            "allocation_method": "Static",
            "availability_zone": "No-Zone",
            "domain_name_label": null,
            "fqdn": null,
            "id": "/subscriptions/XXX/resourceGroups/test-deploy/providers/Microsoft.Network/publicIPAddresses/vmss-public-ip",
            "idle_timeout_in_minutes": 4,
            "ip_address": "23.101.79.20",
            "ip_tags": null,
            "ip_version": "IPv4",
            "location": "westeurope",
            "name": "vmss-public-ip",
            "public_ip_prefix_id": null,
            "resource_group_name": "test-deploy",
            "reverse_fqdn": null,
            "sku": "Basic",
            "sku_tier": "Regional",
            "tags": null,
            "timeouts": null,
            "zones": []
          },
          "sensitive_attributes": [],
          "private": "eyJlMmJmYjczMC1lY2FhLTExZTYtOGY4OC0zNDM2M2JjN2M0YzAiOnsiY3JlYXRlIjoxODAwMDAwMDAwMDAwLCJkZWxldGUiOjE4MDAwMDAwMDAwMDAsInJlYWQiOjMwMDAwMDAwMDAwMCwidXBkYXRlIjoxODAwMDAwMDAwMDAwfX0=",
          "dependencies": [
            "module.resourcegroup.azurerm_resource_group.test-rg"
          ]
        }
      ]
    },
    {
      "module": "module.compute",
      "mode": "managed",
      "type": "azurerm_virtual_machine_scale_set",
      "name": "vmss-app",
      "provider": "provider[\"registry.terraform.io/hashicorp/azurerm\"]",
      "instances": [
        {
          "schema_version": 1,
          "attributes": {
            "automatic_os_upgrade": false,
            "boot_diagnostics": [],
            "eviction_policy": "",
            "extension": [],
            "health_probe_id": null,
            "id": "/subscriptions/XXX/resourceGroups/test-deploy/providers/Microsoft.Compute/virtualMachineScaleSets/vmscaleset-app",
            "identity": [],
            "license_type": "",
            "location": "westeurope",
            "name": "vmscaleset-app",
            "network_profile": [
              {
                "accelerated_networking": false,
                "dns_settings": [
                  {
                    "dns_servers": []
                  }
                ],
                "ip_configuration": [
                  {
                    "application_gateway_backend_address_pool_ids": [],
                    "application_security_group_ids": [],
                    "load_balancer_backend_address_pool_ids": [],
                    "load_balancer_inbound_nat_rules_ids": [],
                    "name": "IPConfiguration",
                    "primary": true,
                    "public_ip_address_configuration": [],
                    "subnet_id": "/subscriptions/XXX/resourceGroups/test-deploy/providers/Microsoft.Network/virtualNetworks/vnet01/subnets/app-subnet"
                  }
                ],
                "ip_forwarding": false,
                "name": "app-network",
                "network_security_group_id": "",
                "primary": true
              }
            ],
            "os_profile": [
              {
                "admin_password": "Appadmin@123",
                "admin_username": "app_admin",
                "computer_name_prefix": "vmapp",
                "custom_data": ""
              }
            ],
            "os_profile_linux_config": [
              {
                "disable_password_authentication": false,
                "ssh_keys": []
              }
            ],
            "os_profile_secrets": [],
            "os_profile_windows_config": [],
            "overprovision": true,
            "plan": [],
            "priority": "",
            "proximity_placement_group_id": null,
            "resource_group_name": "test-deploy",
            "rolling_upgrade_policy": [],
            "single_placement_group": true,
            "sku": [
              {
                "capacity": 2,
                "name": "Standard_DS1_v2",
                "tier": "Standard"
              }
            ],
            "storage_profile_data_disk": [
              {
                "caching": "ReadWrite",
                "create_option": "Empty",
                "disk_size_gb": 10,
                "lun": 0,
                "managed_disk_type": "Standard_LRS"
              }
            ],
            "storage_profile_image_reference": [
              {
                "id": "",
                "offer": "UbuntuServer",
                "publisher": "Canonical",
                "sku": "16.04-LTS",
                "version": "latest"
              }
            ],
            "storage_profile_os_disk": [
              {
                "caching": "ReadWrite",
                "create_option": "FromImage",
                "image": "",
                "managed_disk_type": "Standard_LRS",
                "name": "",
                "os_type": "",
                "vhd_containers": []
              }
            ],
            "tags": null,
            "timeouts": null,
            "upgrade_policy_mode": "Manual",
            "zones": null
          },
          "sensitive_attributes": [],
          "private": "eyJlMmJmYjczMC1lY2FhLTExZTYtOGY4OC0zNDM2M2JjN2M0YzAiOnsiY3JlYXRlIjozNjAwMDAwMDAwMDAwLCJkZWxldGUiOjM2MDAwMDAwMDAwMDAsInJlYWQiOjMwMDAwMDAwMDAwMCwidXBkYXRlIjozNjAwMDAwMDAwMDAwfSwic2NoZW1hX3ZlcnNpb24iOiIxIn0=",
          "dependencies": [
            "module.networking.azurerm_subnet.app-subnet",
            "module.networking.azurerm_virtual_network.vnet",
            "module.resourcegroup.azurerm_resource_group.test-rg"
          ]
        }
      ]
    },
    {
      "module": "module.compute",
      "mode": "managed",
      "type": "azurerm_virtual_machine_scale_set",
      "name": "vmss-web",
      "provider": "provider[\"registry.terraform.io/hashicorp/azurerm\"]",
      "instances": [
        {
          "schema_version": 1,
          "attributes": {
            "automatic_os_upgrade": false,
            "boot_diagnostics": [],
            "eviction_policy": "",
            "extension": [],
            "health_probe_id": null,
            "id": "/subscriptions/XXX/resourceGroups/test-deploy/providers/Microsoft.Compute/virtualMachineScaleSets/vmscaleset-web",
            "identity": [],
            "license_type": "",
            "location": "westeurope",
            "name": "vmscaleset-web",
            "network_profile": [
              {
                "accelerated_networking": false,
                "dns_settings": [
                  {
                    "dns_servers": []
                  }
                ],
                "ip_configuration": [
                  {
                    "application_gateway_backend_address_pool_ids": [],
                    "application_security_group_ids": [],
                    "load_balancer_backend_address_pool_ids": [
                      "/subscriptions/XXX/resourceGroups/test-deploy/providers/Microsoft.Network/loadBalancers/vmss-lb/backendAddressPools/BackEndAddressPool"
                    ],
                    "load_balancer_inbound_nat_rules_ids": [],
                    "name": "IPConfiguration",
                    "primary": true,
                    "public_ip_address_configuration": [],
                    "subnet_id": "/subscriptions/XXX/resourceGroups/test-deploy/providers/Microsoft.Network/virtualNetworks/vnet01/subnets/web-subnet"
                  }
                ],
                "ip_forwarding": false,
                "name": "web-network",
                "network_security_group_id": "",
                "primary": true
              }
            ],
            "os_profile": [
              {
                "admin_password": "Webadmin@123",
                "admin_username": "web_admin",
                "computer_name_prefix": "vmweb",
                "custom_data": ""
              }
            ],
            "os_profile_linux_config": [
              {
                "disable_password_authentication": false,
                "ssh_keys": []
              }
            ],
            "os_profile_secrets": [],
            "os_profile_windows_config": [],
            "overprovision": true,
            "plan": [],
            "priority": "",
            "proximity_placement_group_id": null,
            "resource_group_name": "test-deploy",
            "rolling_upgrade_policy": [],
            "single_placement_group": true,
            "sku": [
              {
                "capacity": 2,
                "name": "Standard_DS1_v2",
                "tier": "Standard"
              }
            ],
            "storage_profile_data_disk": [
              {
                "caching": "ReadWrite",
                "create_option": "Empty",
                "disk_size_gb": 10,
                "lun": 0,
                "managed_disk_type": "Standard_LRS"
              }
            ],
            "storage_profile_image_reference": [
              {
                "id": "",
                "offer": "UbuntuServer",
                "publisher": "Canonical",
                "sku": "16.04-LTS",
                "version": "latest"
              }
            ],
            "storage_profile_os_disk": [
              {
                "caching": "ReadWrite",
                "create_option": "FromImage",
                "image": "",
                "managed_disk_type": "Standard_LRS",
                "name": "",
                "os_type": "",
                "vhd_containers": []
              }
            ],
            "tags": null,
            "timeouts": null,
            "upgrade_policy_mode": "Manual",
            "zones": null
          },
          "sensitive_attributes": [],
          "private": "eyJlMmJmYjczMC1lY2FhLTExZTYtOGY4OC0zNDM2M2JjN2M0YzAiOnsiY3JlYXRlIjozNjAwMDAwMDAwMDAwLCJkZWxldGUiOjM2MDAwMDAwMDAwMDAsInJlYWQiOjMwMDAwMDAwMDAwMCwidXBkYXRlIjozNjAwMDAwMDAwMDAwfSwic2NoZW1hX3ZlcnNpb24iOiIxIn0=",
          "dependencies": [
            "module.compute.azurerm_lb.load-balancer",
            "module.compute.azurerm_lb_backend_address_pool.bpepool",
            "module.compute.azurerm_public_ip.vm-scaleset-ip",
            "module.networking.azurerm_subnet.web-subnet",
            "module.networking.azurerm_virtual_network.vnet",
            "module.resourcegroup.azurerm_resource_group.test-rg"
          ]
        }
      ]
    },
    {
      "module": "module.database",
      "mode": "managed",
      "type": "azurerm_sql_database",
      "name": "db",
      "provider": "provider[\"registry.terraform.io/hashicorp/azurerm\"]",
      "instances": [
        {
          "schema_version": 0,
          "attributes": {
            "collation": "SQL_Latin1_General_CP1_CI_AS",
            "create_mode": "Default",
            "creation_date": "2021-08-26T15:04:43.707Z",
            "default_secondary_location": "North Europe",
            "edition": "GeneralPurpose",
            "elastic_pool_name": "",
            "encryption": "",
            "extended_auditing_policy": [],
            "id": "/subscriptions/XXX/resourceGroups/test-deploy/providers/Microsoft.Sql/servers/sql-database-test556/databases/db",
            "import": [],
            "location": "westeurope",
            "max_size_bytes": "34359738368",
            "max_size_gb": null,
            "name": "db",
            "read_scale": false,
            "requested_service_objective_id": "f21733ad-9b9b-4d4e-a4fa-94a133c41718",
            "requested_service_objective_name": "GP_Gen5_2",
            "resource_group_name": "test-deploy",
            "restore_point_in_time": null,
            "server_name": "sql-database-test556",
            "source_database_deletion_date": null,
            "source_database_id": null,
            "tags": null,
            "threat_detection_policy": [
              {
                "disabled_alerts": [],
                "email_account_admins": "Disabled",
                "email_addresses": [],
                "retention_days": 0,
                "state": "Disabled",
                "storage_account_access_key": "",
                "storage_endpoint": "",
                "use_server_default": "Disabled"
              }
            ],
            "timeouts": null,
            "zone_redundant": false
          },
          "sensitive_attributes": [],
          "private": "eyJlMmJmYjczMC1lY2FhLTExZTYtOGY4OC0zNDM2M2JjN2M0YzAiOnsiY3JlYXRlIjozNjAwMDAwMDAwMDAwLCJkZWxldGUiOjM2MDAwMDAwMDAwMDAsInJlYWQiOjMwMDAwMDAwMDAwMCwidXBkYXRlIjozNjAwMDAwMDAwMDAwfX0=",
          "dependencies": [
            "module.database.azurerm_sql_server.sql",
            "module.resourcegroup.azurerm_resource_group.test-rg"
          ]
        }
      ]
    },
    {
      "module": "module.database",
      "mode": "managed",
      "type": "azurerm_sql_server",
      "name": "sql",
      "provider": "provider[\"registry.terraform.io/hashicorp/azurerm\"]",
      "instances": [
        {
          "schema_version": 0,
          "attributes": {
            "administrator_login": "sqladmin",
            "administrator_login_password": "ZfgY7fSMms,EL",
            "connection_policy": "Default",
            "extended_auditing_policy": [],
            "fully_qualified_domain_name": "sql-database-test556.database.windows.net",
            "id": "/subscriptions/XXX/resourceGroups/test-deploy/providers/Microsoft.Sql/servers/sql-database-test556",
            "identity": [],
            "location": "westeurope",
            "name": "sql-database-test556",
            "resource_group_name": "test-deploy",
            "tags": null,
            "threat_detection_policy": [
              {
                "disabled_alerts": [
                  ""
                ],
                "email_account_admins": false,
                "email_addresses": [
                  ""
                ],
                "retention_days": 0,
                "state": "Disabled",
                "storage_account_access_key": "",
                "storage_endpoint": ""
              }
            ],
            "timeouts": null,
            "version": "12.0"
          },
          "sensitive_attributes": [],
          "private": "eyJlMmJmYjczMC1lY2FhLTExZTYtOGY4OC0zNDM2M2JjN2M0YzAiOnsiY3JlYXRlIjozNjAwMDAwMDAwMDAwLCJkZWxldGUiOjM2MDAwMDAwMDAwMDAsInJlYWQiOjMwMDAwMDAwMDAwMCwidXBkYXRlIjozNjAwMDAwMDAwMDAwfX0=",
          "dependencies": [
            "module.resourcegroup.azurerm_resource_group.test-rg"
          ]
        }
      ]
    },
    {
      "module": "module.networking",
      "mode": "managed",
      "type": "azurerm_subnet",
      "name": "app-subnet",
      "provider": "provider[\"registry.terraform.io/hashicorp/azurerm\"]",
      "instances": [
        {
          "schema_version": 0,
          "attributes": {
            "address_prefix": "192.168.2.0/24",
            "address_prefixes": [
              "192.168.2.0/24"
            ],
            "delegation": [],
            "enforce_private_link_endpoint_network_policies": false,
            "enforce_private_link_service_network_policies": false,
            "id": "/subscriptions/XXX/resourceGroups/test-deploy/providers/Microsoft.Network/virtualNetworks/vnet01/subnets/app-subnet",
            "name": "app-subnet",
            "resource_group_name": "test-deploy",
            "service_endpoint_policy_ids": null,
            "service_endpoints": null,
            "timeouts": null,
            "virtual_network_name": "vnet01"
          },
          "sensitive_attributes": [],
          "private": "eyJlMmJmYjczMC1lY2FhLTExZTYtOGY4OC0zNDM2M2JjN2M0YzAiOnsiY3JlYXRlIjoxODAwMDAwMDAwMDAwLCJkZWxldGUiOjE4MDAwMDAwMDAwMDAsInJlYWQiOjMwMDAwMDAwMDAwMCwidXBkYXRlIjoxODAwMDAwMDAwMDAwfX0=",
          "dependencies": [
            "module.networking.azurerm_virtual_network.vnet",
            "module.resourcegroup.azurerm_resource_group.test-rg"
          ]
        }
      ]
    },
    {
      "module": "module.networking",
      "mode": "managed",
      "type": "azurerm_subnet",
      "name": "db-subnet",
      "provider": "provider[\"registry.terraform.io/hashicorp/azurerm\"]",
      "instances": [
        {
          "schema_version": 0,
          "attributes": {
            "address_prefix": "192.168.3.0/24",
            "address_prefixes": [
              "192.168.3.0/24"
            ],
            "delegation": [],
            "enforce_private_link_endpoint_network_policies": false,
            "enforce_private_link_service_network_policies": false,
            "id": "/subscriptions/XXX/resourceGroups/test-deploy/providers/Microsoft.Network/virtualNetworks/vnet01/subnets/db-subnet",
            "name": "db-subnet",
            "resource_group_name": "test-deploy",
            "service_endpoint_policy_ids": null,
            "service_endpoints": null,
            "timeouts": null,
            "virtual_network_name": "vnet01"
          },
          "sensitive_attributes": [],
          "private": "eyJlMmJmYjczMC1lY2FhLTExZTYtOGY4OC0zNDM2M2JjN2M0YzAiOnsiY3JlYXRlIjoxODAwMDAwMDAwMDAwLCJkZWxldGUiOjE4MDAwMDAwMDAwMDAsInJlYWQiOjMwMDAwMDAwMDAwMCwidXBkYXRlIjoxODAwMDAwMDAwMDAwfX0=",
          "dependencies": [
            "module.networking.azurerm_virtual_network.vnet",
            "module.resourcegroup.azurerm_resource_group.test-rg"
          ]
        }
      ]
    },
    {
      "module": "module.networking",
      "mode": "managed",
      "type": "azurerm_subnet",
      "name": "web-subnet",
      "provider": "provider[\"registry.terraform.io/hashicorp/azurerm\"]",
      "instances": [
        {
          "schema_version": 0,
          "attributes": {
            "address_prefix": "192.168.1.0/24",
            "address_prefixes": [
              "192.168.1.0/24"
            ],
            "delegation": [],
            "enforce_private_link_endpoint_network_policies": false,
            "enforce_private_link_service_network_policies": false,
            "id": "/subscriptions/XXX/resourceGroups/test-deploy/providers/Microsoft.Network/virtualNetworks/vnet01/subnets/web-subnet",
            "name": "web-subnet",
            "resource_group_name": "test-deploy",
            "service_endpoint_policy_ids": null,
            "service_endpoints": null,
            "timeouts": null,
            "virtual_network_name": "vnet01"
          },
          "sensitive_attributes": [],
          "private": "eyJlMmJmYjczMC1lY2FhLTExZTYtOGY4OC0zNDM2M2JjN2M0YzAiOnsiY3JlYXRlIjoxODAwMDAwMDAwMDAwLCJkZWxldGUiOjE4MDAwMDAwMDAwMDAsInJlYWQiOjMwMDAwMDAwMDAwMCwidXBkYXRlIjoxODAwMDAwMDAwMDAwfX0=",
          "dependencies": [
            "module.networking.azurerm_virtual_network.vnet",
            "module.resourcegroup.azurerm_resource_group.test-rg"
          ]
        }
      ]
    },
    {
      "module": "module.networking",
      "mode": "managed",
      "type": "azurerm_virtual_network",
      "name": "vnet",
      "provider": "provider[\"registry.terraform.io/hashicorp/azurerm\"]",
      "instances": [
        {
          "schema_version": 0,
          "attributes": {
            "address_space": [
              "192.168.0.0/16"
            ],
            "bgp_community": "",
            "ddos_protection_plan": [],
            "dns_servers": [],
            "guid": "a9565064-71c8-4dad-a790-ed5ddab4bf81",
            "id": "/subscriptions/XXX/resourceGroups/test-deploy/providers/Microsoft.Network/virtualNetworks/vnet01",
            "location": "westeurope",
            "name": "vnet01",
            "resource_group_name": "test-deploy",
            "subnet": [],
            "tags": null,
            "timeouts": null,
            "vm_protection_enabled": false
          },
          "sensitive_attributes": [],
          "private": "eyJlMmJmYjczMC1lY2FhLTExZTYtOGY4OC0zNDM2M2JjN2M0YzAiOnsiY3JlYXRlIjoxODAwMDAwMDAwMDAwLCJkZWxldGUiOjE4MDAwMDAwMDAwMDAsInJlYWQiOjMwMDAwMDAwMDAwMCwidXBkYXRlIjoxODAwMDAwMDAwMDAwfX0=",
          "dependencies": [
            "module.resourcegroup.azurerm_resource_group.test-rg"
          ]
        }
      ]
    },
    {
      "module": "module.resourcegroup",
      "mode": "managed",
      "type": "azurerm_resource_group",
      "name": "test-rg",
      "provider": "provider[\"registry.terraform.io/hashicorp/azurerm\"]",
      "instances": [
        {
          "schema_version": 0,
          "attributes": {
            "id": "/subscriptions/XXX/resourceGroups/test-deploy",
            "location": "westeurope",
            "name": "test-deploy",
            "tags": null,
            "timeouts": null
          },
          "sensitive_attributes": [],
          "private": "eyJlMmJmYjczMC1lY2FhLTExZTYtOGY4OC0zNDM2M2JjN2M0YzAiOnsiY3JlYXRlIjo1NDAwMDAwMDAwMDAwLCJkZWxldGUiOjU0MDAwMDAwMDAwMDAsInJlYWQiOjMwMDAwMDAwMDAwMCwidXBkYXRlIjo1NDAwMDAwMDAwMDAwfX0="
        }
      ]
    },
    {
      "module": "module.securitygroup",
      "mode": "managed",
      "type": "azurerm_network_security_group",
      "name": "app-nsg",
      "provider": "provider[\"registry.terraform.io/hashicorp/azurerm\"]",
      "instances": [
        {
          "schema_version": 0,
          "attributes": {
            "id": "/subscriptions/XXX/resourceGroups/test-deploy/providers/Microsoft.Network/networkSecurityGroups/app-nsg",
            "location": "westeurope",
            "name": "app-nsg",
            "resource_group_name": "test-deploy",
            "security_rule": [
              {
                "access": "Allow",
                "description": "",
                "destination_address_prefix": "*",
                "destination_address_prefixes": [],
                "destination_application_security_group_ids": [],
                "destination_port_range": "22",
                "destination_port_ranges": [],
                "direction": "Inbound",
                "name": "ssh-rule-1",
                "priority": 100,
                "protocol": "Tcp",
                "source_address_prefix": "192.168.1.0/24",
                "source_address_prefixes": [],
                "source_application_security_group_ids": [],
                "source_port_range": "*",
                "source_port_ranges": []
              },
              {
                "access": "Allow",
                "description": "",
                "destination_address_prefix": "*",
                "destination_address_prefixes": [],
                "destination_application_security_group_ids": [],
                "destination_port_range": "22",
                "destination_port_ranges": [],
                "direction": "Outbound",
                "name": "ssh-rule-2",
                "priority": 101,
                "protocol": "Tcp",
                "source_address_prefix": "192.168.1.0/24",
                "source_address_prefixes": [],
                "source_application_security_group_ids": [],
                "source_port_range": "*",
                "source_port_ranges": []
              }
            ],
            "tags": null,
            "timeouts": null
          },
          "sensitive_attributes": [],
          "private": "eyJlMmJmYjczMC1lY2FhLTExZTYtOGY4OC0zNDM2M2JjN2M0YzAiOnsiY3JlYXRlIjoxODAwMDAwMDAwMDAwLCJkZWxldGUiOjE4MDAwMDAwMDAwMDAsInJlYWQiOjMwMDAwMDAwMDAwMCwidXBkYXRlIjoxODAwMDAwMDAwMDAwfX0=",
          "dependencies": [
            "module.resourcegroup.azurerm_resource_group.test-rg"
          ]
        }
      ]
    },
    {
      "module": "module.securitygroup",
      "mode": "managed",
      "type": "azurerm_network_security_group",
      "name": "db-nsg",
      "provider": "provider[\"registry.terraform.io/hashicorp/azurerm\"]",
      "instances": [
        {
          "schema_version": 0,
          "attributes": {
            "id": "/subscriptions/XXX/resourceGroups/test-deploy/providers/Microsoft.Network/networkSecurityGroups/db-nsg",
            "location": "westeurope",
            "name": "db-nsg",
            "resource_group_name": "test-deploy",
            "security_rule": [
              {
                "access": "Allow",
                "description": "",
                "destination_address_prefix": "*",
                "destination_address_prefixes": [],
                "destination_application_security_group_ids": [],
                "destination_port_range": "3306",
                "destination_port_ranges": [],
                "direction": "Inbound",
                "name": "ssh-rule-1",
                "priority": 101,
                "protocol": "Tcp",
                "source_address_prefix": "192.168.2.0/24",
                "source_address_prefixes": [],
                "source_application_security_group_ids": [],
                "source_port_range": "*",
                "source_port_ranges": []
              },
              {
                "access": "Allow",
                "description": "",
                "destination_address_prefix": "*",
                "destination_address_prefixes": [],
                "destination_application_security_group_ids": [],
                "destination_port_range": "3306",
                "destination_port_ranges": [],
                "direction": "Outbound",
                "name": "ssh-rule-2",
                "priority": 102,
                "protocol": "Tcp",
                "source_address_prefix": "192.168.2.0/24",
                "source_address_prefixes": [],
                "source_application_security_group_ids": [],
                "source_port_range": "*",
                "source_port_ranges": []
              },
              {
                "access": "Deny",
                "description": "",
                "destination_address_prefix": "*",
                "destination_address_prefixes": [],
                "destination_application_security_group_ids": [],
                "destination_port_range": "3306",
                "destination_port_ranges": [],
                "direction": "Outbound",
                "name": "ssh-rule-3",
                "priority": 100,
                "protocol": "Tcp",
                "source_address_prefix": "192.168.1.0/24",
                "source_address_prefixes": [],
                "source_application_security_group_ids": [],
                "source_port_range": "*",
                "source_port_ranges": []
              }
            ],
            "tags": null,
            "timeouts": null
          },
          "sensitive_attributes": [],
          "private": "eyJlMmJmYjczMC1lY2FhLTExZTYtOGY4OC0zNDM2M2JjN2M0YzAiOnsiY3JlYXRlIjoxODAwMDAwMDAwMDAwLCJkZWxldGUiOjE4MDAwMDAwMDAwMDAsInJlYWQiOjMwMDAwMDAwMDAwMCwidXBkYXRlIjoxODAwMDAwMDAwMDAwfX0=",
          "dependencies": [
            "module.resourcegroup.azurerm_resource_group.test-rg"
          ]
        }
      ]
    },
    {
      "module": "module.securitygroup",
      "mode": "managed",
      "type": "azurerm_network_security_group",
      "name": "web-nsg",
      "provider": "provider[\"registry.terraform.io/hashicorp/azurerm\"]",
      "instances": [
        {
          "schema_version": 0,
          "attributes": {
            "id": "/subscriptions/XXX/resourceGroups/test-deploy/providers/Microsoft.Network/networkSecurityGroups/web-nsg",
            "location": "westeurope",
            "name": "web-nsg",
            "resource_group_name": "test-deploy",
            "security_rule": [
              {
                "access": "Allow",
                "description": "",
                "destination_address_prefix": "*",
                "destination_address_prefixes": [],
                "destination_application_security_group_ids": [],
                "destination_port_range": "22",
                "destination_port_ranges": [],
                "direction": "Inbound",
                "name": "ssh-rule-1",
                "priority": 101,
                "protocol": "Tcp",
                "source_address_prefix": "*",
                "source_address_prefixes": [],
                "source_application_security_group_ids": [],
                "source_port_range": "*",
                "source_port_ranges": []
              },
              {
                "access": "Deny",
                "description": "",
                "destination_address_prefix": "*",
                "destination_address_prefixes": [],
                "destination_application_security_group_ids": [],
                "destination_port_range": "22",
                "destination_port_ranges": [],
                "direction": "Inbound",
                "name": "ssh-rule-2",
                "priority": 100,
                "protocol": "Tcp",
                "source_address_prefix": "192.168.3.0/24",
                "source_address_prefixes": [],
                "source_application_security_group_ids": [],
                "source_port_range": "*",
                "source_port_ranges": []
              }
            ],
            "tags": null,
            "timeouts": null
          },
          "sensitive_attributes": [],
          "private": "eyJlMmJmYjczMC1lY2FhLTExZTYtOGY4OC0zNDM2M2JjN2M0YzAiOnsiY3JlYXRlIjoxODAwMDAwMDAwMDAwLCJkZWxldGUiOjE4MDAwMDAwMDAwMDAsInJlYWQiOjMwMDAwMDAwMDAwMCwidXBkYXRlIjoxODAwMDAwMDAwMDAwfX0=",
          "dependencies": [
            "module.resourcegroup.azurerm_resource_group.test-rg"
          ]
        }
      ]
    },
    {
      "module": "module.securitygroup",
      "mode": "managed",
      "type": "azurerm_subnet_network_security_group_association",
      "name": "app-nsg-subnet",
      "provider": "provider[\"registry.terraform.io/hashicorp/azurerm\"]",
      "instances": [
        {
          "schema_version": 0,
          "attributes": {
            "id": "/subscriptions/XXX/resourceGroups/test-deploy/providers/Microsoft.Network/virtualNetworks/vnet01/subnets/app-subnet",
            "network_security_group_id": "/subscriptions/XXX/resourceGroups/test-deploy/providers/Microsoft.Network/networkSecurityGroups/app-nsg",
            "subnet_id": "/subscriptions/XXX/resourceGroups/test-deploy/providers/Microsoft.Network/virtualNetworks/vnet01/subnets/app-subnet",
            "timeouts": null
          },
          "sensitive_attributes": [],
          "private": "eyJlMmJmYjczMC1lY2FhLTExZTYtOGY4OC0zNDM2M2JjN2M0YzAiOnsiY3JlYXRlIjoxODAwMDAwMDAwMDAwLCJkZWxldGUiOjE4MDAwMDAwMDAwMDAsInJlYWQiOjMwMDAwMDAwMDAwMCwidXBkYXRlIjoxODAwMDAwMDAwMDAwfX0=",
          "dependencies": [
            "module.networking.azurerm_subnet.app-subnet",
            "module.networking.azurerm_virtual_network.vnet",
            "module.resourcegroup.azurerm_resource_group.test-rg",
            "module.securitygroup.azurerm_network_security_group.app-nsg"
          ]
        }
      ]
    },
    {
      "module": "module.securitygroup",
      "mode": "managed",
      "type": "azurerm_subnet_network_security_group_association",
      "name": "db-nsg-subnet",
      "provider": "provider[\"registry.terraform.io/hashicorp/azurerm\"]",
      "instances": [
        {
          "schema_version": 0,
          "attributes": {
            "id": "/subscriptions/XXX/resourceGroups/test-deploy/providers/Microsoft.Network/virtualNetworks/vnet01/subnets/db-subnet",
            "network_security_group_id": "/subscriptions/XXX/resourceGroups/test-deploy/providers/Microsoft.Network/networkSecurityGroups/db-nsg",
            "subnet_id": "/subscriptions/XXX/resourceGroups/test-deploy/providers/Microsoft.Network/virtualNetworks/vnet01/subnets/db-subnet",
            "timeouts": null
          },
          "sensitive_attributes": [],
          "private": "eyJlMmJmYjczMC1lY2FhLTExZTYtOGY4OC0zNDM2M2JjN2M0YzAiOnsiY3JlYXRlIjoxODAwMDAwMDAwMDAwLCJkZWxldGUiOjE4MDAwMDAwMDAwMDAsInJlYWQiOjMwMDAwMDAwMDAwMCwidXBkYXRlIjoxODAwMDAwMDAwMDAwfX0=",
          "dependencies": [
            "module.networking.azurerm_subnet.db-subnet",
            "module.networking.azurerm_virtual_network.vnet",
            "module.resourcegroup.azurerm_resource_group.test-rg",
            "module.securitygroup.azurerm_network_security_group.db-nsg"
          ]
        }
      ]
    },
    {
      "module": "module.securitygroup",
      "mode": "managed",
      "type": "azurerm_subnet_network_security_group_association",
      "name": "web-nsg-subnet",
      "provider": "provider[\"registry.terraform.io/hashicorp/azurerm\"]",
      "instances": [
        {
          "schema_version": 0,
          "attributes": {
            "id": "/subscriptions/XXX/resourceGroups/test-deploy/providers/Microsoft.Network/virtualNetworks/vnet01/subnets/web-subnet",
            "network_security_group_id": "/subscriptions/XXX/resourceGroups/test-deploy/providers/Microsoft.Network/networkSecurityGroups/web-nsg",
            "subnet_id": "/subscriptions/XXX/resourceGroups/test-deploy/providers/Microsoft.Network/virtualNetworks/vnet01/subnets/web-subnet",
            "timeouts": null
          },
          "sensitive_attributes": [],
          "private": "eyJlMmJmYjczMC1lY2FhLTExZTYtOGY4OC0zNDM2M2JjN2M0YzAiOnsiY3JlYXRlIjoxODAwMDAwMDAwMDAwLCJkZWxldGUiOjE4MDAwMDAwMDAwMDAsInJlYWQiOjMwMDAwMDAwMDAwMCwidXBkYXRlIjoxODAwMDAwMDAwMDAwfX0=",
          "dependencies": [
            "module.networking.azurerm_subnet.web-subnet",
            "module.networking.azurerm_virtual_network.vnet",
            "module.resourcegroup.azurerm_resource_group.test-rg",
            "module.securitygroup.azurerm_network_security_group.web-nsg"
          ]
        }
      ]
    }
  ]
}
